
Microsoft Visual Studio Solution File, Format Version 12.00
# Visual Studio Version 17
VisualStudioVersion = 17.11.35208.52
MinimumVisualStudioVersion = 10.0.40219.1
Project("{FAE04EC0-301F-11D3-BF4B-00C04F79EFBC}") = "SuarezJhoel_PruebaProgreso1", "SuarezJhoel_PruebaProgreso1\SuarezJhoel_PruebaProgreso1.csproj", "{6BFDF63A-CBC7-4549-89A5-3977FC5D1A62}"
EndProject
Global
	GlobalSection(SolutionConfigurationPlatforms) = preSolution
		Debug|Any CPU = Debug|Any CPU
		Release|Any CPU = Release|Any CPU
	EndGlobalSection
	GlobalSection(ProjectConfigurationPlatforms) = postSolution
		{6BFDF63A-CBC7-4549-89A5-3977FC5D1A62}.Debug|Any CPU.ActiveCfg = Debug|Any CPU
		{6BFDF63A-CBC7-4549-89A5-3977FC5D1A62}.Debug|Any CPU.Build.0 = Debug|Any CPU
		{6BFDF63A-CBC7-4549-89A5-3977FC5D1A62}.Release|Any CPU.ActiveCfg = Release|Any CPU
		{6BFDF63A-CBC7-4549-89A5-3977FC5D1A62}.Release|Any CPU.Build.0 = Release|Any CPU
	EndGlobalSection
	GlobalSection(SolutionProperties) = preSolution
		HideSolutionNode = FALSE
	EndGlobalSection
	GlobalSection(ExtensibilityGlobals) = postSolution
		SolutionGuid = {6272C3CA-6C1F-4534-9425-040AD51E0997}
	EndGlobalSection
EndGlobal
